
Microsoft Visual Studio Solution File, Format Version 12.00
# Visual Studio Version 17
VisualStudioVersion = 17.3.32901.215
MinimumVisualStudioVersion = 10.0.40219.1
Project("{FAE04EC0-301F-11D3-BF4B-00C04F79EFBC}") = "AtelierHistoiresTableau", "AtelierHistoiresTableau\AtelierHistoiresTableau.csproj", "{A8C0374B-A860-466E-BE38-DB384EDDD57D}"
EndProject
Global
	GlobalSection(SolutionConfigurationPlatforms) = preSolution
		Debug|Any CPU = Debug|Any CPU
		Release|Any CPU = Release|Any CPU
	EndGlobalSection
	GlobalSection(ProjectConfigurationPlatforms) = postSolution
		{A8C0374B-A860-466E-BE38-DB384EDDD57D}.Debug|Any CPU.ActiveCfg = Debug|Any CPU
		{A8C0374B-A860-466E-BE38-DB384EDDD57D}.Debug|Any CPU.Build.0 = Debug|Any CPU
		{A8C0374B-A860-466E-BE38-DB384EDDD57D}.Release|Any CPU.ActiveCfg = Release|Any CPU
		{A8C0374B-A860-466E-BE38-DB384EDDD57D}.Release|Any CPU.Build.0 = Release|Any CPU
	EndGlobalSection
	GlobalSection(SolutionProperties) = preSolution
		HideSolutionNode = FALSE
	EndGlobalSection
	GlobalSection(ExtensibilityGlobals) = postSolution
		SolutionGuid = {82B267D5-3313-4944-BCA0-FAF11FF8B41D}
	EndGlobalSection
EndGlobal
